
Microsoft Visual Studio Solution File, Format Version 12.00
# Visual Studio Version 17
VisualStudioVersion = 17.0.31903.59
MinimumVisualStudioVersion = 10.0.40219.1
Project("{FAE04EC0-301F-11D3-BF4B-00C04F79EFBC}") = "API", "API\API.csproj", "{B4790DA9-01A1-4977-B11D-37E75A3B3029}"
EndProject
Project("{FAE04EC0-301F-11D3-BF4B-00C04F79EFBC}") = "Application", "Application\Application.csproj", "{905B41AD-555B-4C83-9A79-43F4D00DB8C2}"
EndProject
Project("{FAE04EC0-301F-11D3-BF4B-00C04F79EFBC}") = "Domain", "Domain\Domain.csproj", "{B21BCBEE-60A0-48A8-80DC-951CD62382DB}"
EndProject
Project("{FAE04EC0-301F-11D3-BF4B-00C04F79EFBC}") = "Persistence", "Persistence\Persistence.csproj", "{917F7B92-0274-4445-9B60-941C6DECD090}"
EndProject
Global
	GlobalSection(SolutionConfigurationPlatforms) = preSolution
		Debug|Any CPU = Debug|Any CPU
		Release|Any CPU = Release|Any CPU
	EndGlobalSection
	GlobalSection(SolutionProperties) = preSolution
		HideSolutionNode = FALSE
	EndGlobalSection
	GlobalSection(ProjectConfigurationPlatforms) = postSolution
		{B4790DA9-01A1-4977-B11D-37E75A3B3029}.Debug|Any CPU.ActiveCfg = Debug|Any CPU
		{B4790DA9-01A1-4977-B11D-37E75A3B3029}.Debug|Any CPU.Build.0 = Debug|Any CPU
		{B4790DA9-01A1-4977-B11D-37E75A3B3029}.Release|Any CPU.ActiveCfg = Release|Any CPU
		{B4790DA9-01A1-4977-B11D-37E75A3B3029}.Release|Any CPU.Build.0 = Release|Any CPU
		{905B41AD-555B-4C83-9A79-43F4D00DB8C2}.Debug|Any CPU.ActiveCfg = Debug|Any CPU
		{905B41AD-555B-4C83-9A79-43F4D00DB8C2}.Debug|Any CPU.Build.0 = Debug|Any CPU
		{905B41AD-555B-4C83-9A79-43F4D00DB8C2}.Release|Any CPU.ActiveCfg = Release|Any CPU
		{905B41AD-555B-4C83-9A79-43F4D00DB8C2}.Release|Any CPU.Build.0 = Release|Any CPU
		{B21BCBEE-60A0-48A8-80DC-951CD62382DB}.Debug|Any CPU.ActiveCfg = Debug|Any CPU
		{B21BCBEE-60A0-48A8-80DC-951CD62382DB}.Debug|Any CPU.Build.0 = Debug|Any CPU
		{B21BCBEE-60A0-48A8-80DC-951CD62382DB}.Release|Any CPU.ActiveCfg = Release|Any CPU
		{B21BCBEE-60A0-48A8-80DC-951CD62382DB}.Release|Any CPU.Build.0 = Release|Any CPU
		{917F7B92-0274-4445-9B60-941C6DECD090}.Debug|Any CPU.ActiveCfg = Debug|Any CPU
		{917F7B92-0274-4445-9B60-941C6DECD090}.Debug|Any CPU.Build.0 = Debug|Any CPU
		{917F7B92-0274-4445-9B60-941C6DECD090}.Release|Any CPU.ActiveCfg = Release|Any CPU
		{917F7B92-0274-4445-9B60-941C6DECD090}.Release|Any CPU.Build.0 = Release|Any CPU
	EndGlobalSection
EndGlobal
